// !$*UTF8*$!
{
	archiveVersion = 1;
	classes = {
	};
	objectVersion = 55;
	objects = {

/* Begin PBXBuildFile section */
		0830F6FF27CC942A00A65EBA /* WebSocketSendJSON.json in Resources */ = {isa = PBXBuildFile; fileRef = 0830F6FE27CC942A00A65EBA /* WebSocketSendJSON.json */; };
		0830F70D27CCB0FE00A65EBA /* TickerAPI.swift in Sources */ = {isa = PBXBuildFile; fileRef = 0830F70C27CCB0FE00A65EBA /* TickerAPI.swift */; };
		0830F70F27CCB12000A65EBA /* OrderbookAPI.swift in Sources */ = {isa = PBXBuildFile; fileRef = 0830F70E27CCB12000A65EBA /* OrderbookAPI.swift */; };
		0830F71127CCB14800A65EBA /* TransactionHistoryAPI.swift in Sources */ = {isa = PBXBuildFile; fileRef = 0830F71027CCB14800A65EBA /* TransactionHistoryAPI.swift */; };
		0830F71327CCB16C00A65EBA /* AssetsStatusAPI.swift in Sources */ = {isa = PBXBuildFile; fileRef = 0830F71227CCB16C00A65EBA /* AssetsStatusAPI.swift */; };
		0830F71527CCB22600A65EBA /* BithumbWebSocketURL.swift in Sources */ = {isa = PBXBuildFile; fileRef = 0830F71427CCB22600A65EBA /* BithumbWebSocketURL.swift */; };
		0830F71827CCB7C500A65EBA /* TickerWebSocket.swift in Sources */ = {isa = PBXBuildFile; fileRef = 0830F71727CCB7C500A65EBA /* TickerWebSocket.swift */; };
		0830F71A27CCBC1000A65EBA /* WebSocketMessageConverter.swift in Sources */ = {isa = PBXBuildFile; fileRef = 0830F71927CCBC1000A65EBA /* WebSocketMessageConverter.swift */; };
		0849B49B27CBD9F20058486F /* MockWebSocketURLSessionTask.swift in Sources */ = {isa = PBXBuildFile; fileRef = 0849B49A27CBD9F20058486F /* MockWebSocketURLSessionTask.swift */; };
		0849B49D27CBDA4E0058486F /* MockNetworkError.swift in Sources */ = {isa = PBXBuildFile; fileRef = 0849B49C27CBDA4E0058486F /* MockNetworkError.swift */; };
		0849B49F27CBDF2F0058486F /* URLSessionWebSocketTask+extension.swift in Sources */ = {isa = PBXBuildFile; fileRef = 0849B49E27CBDF2F0058486F /* URLSessionWebSocketTask+extension.swift */; };
		0849B4A127CBE59F0058486F /* WebSocketServiceTests.swift in Sources */ = {isa = PBXBuildFile; fileRef = 0849B4A027CBE59F0058486F /* WebSocketServiceTests.swift */; };
		0849B4A527CC6C530058486F /* MockWebSocketService.swift in Sources */ = {isa = PBXBuildFile; fileRef = 0849B4A427CC6C530058486F /* MockWebSocketService.swift */; };
		0849B4A727CC6E2D0058486F /* WebSocketServicable.swift in Sources */ = {isa = PBXBuildFile; fileRef = 0849B4A627CC6E2D0058486F /* WebSocketServicable.swift */; };
		08A5A8E527CD21CA005553BD /* TransactionWebSocket.swift in Sources */ = {isa = PBXBuildFile; fileRef = 08A5A8E427CD21CA005553BD /* TransactionWebSocket.swift */; };
		08A5A8E727CD2211005553BD /* OrderBookDepth.swift in Sources */ = {isa = PBXBuildFile; fileRef = 08A5A8E627CD2211005553BD /* OrderBookDepth.swift */; };
		08AF803127C742AB00790762 /* APIable.swift in Sources */ = {isa = PBXBuildFile; fileRef = 08AF803027C742AB00790762 /* APIable.swift */; };
		08AF803427C7452300790762 /* URLRequest+extension.swift in Sources */ = {isa = PBXBuildFile; fileRef = 08AF803327C7452300790762 /* URLRequest+extension.swift */; };
		08AF803627C755A600790762 /* URLSession+extension.swift in Sources */ = {isa = PBXBuildFile; fileRef = 08AF803527C755A600790762 /* URLSession+extension.swift */; };
		08AF803827C7569D00790762 /* NetworkServiceTests.swift in Sources */ = {isa = PBXBuildFile; fileRef = 08AF803727C7569D00790762 /* NetworkServiceTests.swift */; };
		08AF803C27C756E500790762 /* MockURLSession.swift in Sources */ = {isa = PBXBuildFile; fileRef = 08AF803B27C756E500790762 /* MockURLSession.swift */; };
		08AF806E27C8BE6600790762 /* BaseURLable.swift in Sources */ = {isa = PBXBuildFile; fileRef = 08AF806D27C8BE6600790762 /* BaseURLable.swift */; };
		08B46D7E27CDDE4B0072CBBF /* WebSocketTickerValueObject.swift in Sources */ = {isa = PBXBuildFile; fileRef = 08B46D7D27CDDE4B0072CBBF /* WebSocketTickerValueObject.swift */; };
		08B46D8027CDE5220072CBBF /* WebSocketTransactionValueObject.swift in Sources */ = {isa = PBXBuildFile; fileRef = 08B46D7F27CDE5220072CBBF /* WebSocketTransactionValueObject.swift */; };
		08B46D8227CDF3920072CBBF /* WebSocketOrderBookDepthValueObject.swift in Sources */ = {isa = PBXBuildFile; fileRef = 08B46D8127CDF3920072CBBF /* WebSocketOrderBookDepthValueObject.swift */; };
		08B46D8427CDFAE00072CBBF /* WebSocketTickerJSONFile.json in Resources */ = {isa = PBXBuildFile; fileRef = 08B46D8327CDFAE00072CBBF /* WebSocketTickerJSONFile.json */; };
		08B46D8627CDFB100072CBBF /* WebSocketTransactionJSONFile.json in Resources */ = {isa = PBXBuildFile; fileRef = 08B46D8527CDFB100072CBBF /* WebSocketTransactionJSONFile.json */; };
		08B46D8A27CDFB5C0072CBBF /* WebSocketOrderbookdepthJSONFile.json in Resources */ = {isa = PBXBuildFile; fileRef = 08B46D8927CDFB5C0072CBBF /* WebSocketOrderbookdepthJSONFile.json */; };
		08B46D8D27CE52D60072CBBF /* HTTPNetworkService.swift in Sources */ = {isa = PBXBuildFile; fileRef = 08B46D8C27CE52D60072CBBF /* HTTPNetworkService.swift */; };
		08B46D8F27CE52E70072CBBF /* WebSocketService.swift in Sources */ = {isa = PBXBuildFile; fileRef = 08B46D8E27CE52E70072CBBF /* WebSocketService.swift */; };
		08B46D9127CE53010072CBBF /* BithumbPublicAPIURL.swift in Sources */ = {isa = PBXBuildFile; fileRef = 08B46D9027CE53010072CBBF /* BithumbPublicAPIURL.swift */; };
		08B46D9427CE55420072CBBF /* TransactionCollectionViewCell.xib in Resources */ = {isa = PBXBuildFile; fileRef = 08B46D9327CE55420072CBBF /* TransactionCollectionViewCell.xib */; };
		08B46D9627CE556C0072CBBF /* TransactionCollectionViewCell.swift in Sources */ = {isa = PBXBuildFile; fileRef = 08B46D9527CE556C0072CBBF /* TransactionCollectionViewCell.swift */; };
		08B46D9827CE65F40072CBBF /* Transaction.swift in Sources */ = {isa = PBXBuildFile; fileRef = 08B46D9727CE65F40072CBBF /* Transaction.swift */; };
		08B46D9C27CF2CBD0072CBBF /* CoinDetailViewController.swift in Sources */ = {isa = PBXBuildFile; fileRef = 08B46D9A27CF2CBD0072CBBF /* CoinDetailViewController.swift */; };
		08B46D9F27CF2D8E0072CBBF /* CoinDetail.storyboard in Resources */ = {isa = PBXBuildFile; fileRef = 08B46D9E27CF2D8E0072CBBF /* CoinDetail.storyboard */; };
		08B46DA127CF2F0D0072CBBF /* CoinChart.storyboard in Resources */ = {isa = PBXBuildFile; fileRef = 08B46DA027CF2F0D0072CBBF /* CoinChart.storyboard */; };
		08B46DA327CF2F1C0072CBBF /* CoinOrderbook.storyboard in Resources */ = {isa = PBXBuildFile; fileRef = 08B46DA227CF2F1C0072CBBF /* CoinOrderbook.storyboard */; };
		08B46DA527CF2F280072CBBF /* CoinTransaction.storyboard in Resources */ = {isa = PBXBuildFile; fileRef = 08B46DA427CF2F280072CBBF /* CoinTransaction.storyboard */; };
		08B46DA727CF30630072CBBF /* CoinDetailPageViewController.swift in Sources */ = {isa = PBXBuildFile; fileRef = 08B46DA627CF30630072CBBF /* CoinDetailPageViewController.swift */; };
		08B46DA927CF30830072CBBF /* CoinDetailPage.storyboard in Resources */ = {isa = PBXBuildFile; fileRef = 08B46DA827CF30830072CBBF /* CoinDetailPage.storyboard */; };
		08B4916227C9C29F0082E379 /* WebSocketable.swift in Sources */ = {isa = PBXBuildFile; fileRef = 08B4916127C9C29F0082E379 /* WebSocketable.swift */; };
		08F5EA4727C626350031EF4C /* CoinList.storyboard in Resources */ = {isa = PBXBuildFile; fileRef = 08F5EA4627C626350031EF4C /* CoinList.storyboard */; };
		08F5EA4A27C626E60031EF4C /* MoreDetail.storyboard in Resources */ = {isa = PBXBuildFile; fileRef = 08F5EA4927C626E60031EF4C /* MoreDetail.storyboard */; };
		08F5EA4D27C627450031EF4C /* DepositWithdrawalStatus.storyboard in Resources */ = {isa = PBXBuildFile; fileRef = 08F5EA4C27C627450031EF4C /* DepositWithdrawalStatus.storyboard */; };
		3707832927C8AB6D009ECBBC /* DepositWithdrawalCollectionViewCell.swift in Sources */ = {isa = PBXBuildFile; fileRef = 3707832727C8AB6D009ECBBC /* DepositWithdrawalCollectionViewCell.swift */; };
		3707832A27C8AB6D009ECBBC /* DepositWithdrawalCollectionViewCell.xib in Resources */ = {isa = PBXBuildFile; fileRef = 3707832827C8AB6D009ECBBC /* DepositWithdrawalCollectionViewCell.xib */; };
		3707833227C8B88F009ECBBC /* TransactionJSONFile.json in Resources */ = {isa = PBXBuildFile; fileRef = 3707832D27C8B88F009ECBBC /* TransactionJSONFile.json */; };
		3707833327C8B88F009ECBBC /* TickerJSONFile.json in Resources */ = {isa = PBXBuildFile; fileRef = 3707832E27C8B88F009ECBBC /* TickerJSONFile.json */; };
		3707833427C8B88F009ECBBC /* TickersJSONFile.json in Resources */ = {isa = PBXBuildFile; fileRef = 3707832F27C8B88F009ECBBC /* TickersJSONFile.json */; };
		3707833527C8B88F009ECBBC /* OrderbookJSONFile.json in Resources */ = {isa = PBXBuildFile; fileRef = 3707833027C8B88F009ECBBC /* OrderbookJSONFile.json */; };
		3707833627C8B88F009ECBBC /* AssetsStatusJSONFile.json in Resources */ = {isa = PBXBuildFile; fileRef = 3707833127C8B88F009ECBBC /* AssetsStatusJSONFile.json */; };
		3707833827C8C469009ECBBC /* DepositWithdrawalStatusViewController.swift in Sources */ = {isa = PBXBuildFile; fileRef = 3707833727C8C469009ECBBC /* DepositWithdrawalStatusViewController.swift */; };
		370C4B2127CC688800EE2C68 /* DepositWithdrawalStatusDataManager.swift in Sources */ = {isa = PBXBuildFile; fileRef = 370C4B2027CC688800EE2C68 /* DepositWithdrawalStatusDataManager.swift */; };
		370C4B2327CC6BA700EE2C68 /* AssetsStatus.swift in Sources */ = {isa = PBXBuildFile; fileRef = 370C4B2227CC6BA700EE2C68 /* AssetsStatus.swift */; };
		370C4B4727CD1DEC00EE2C68 /* SortButton.swift in Sources */ = {isa = PBXBuildFile; fileRef = 370C4B4627CD1DEC00EE2C68 /* SortButton.swift */; };
		3711EE9527CF638600E7A990 /* Charts in Frameworks */ = {isa = PBXBuildFile; productRef = 3711EE9427CF638600E7A990 /* Charts */; };
		371D996F27C755C7000368AC /* JSONParserTests.swift in Sources */ = {isa = PBXBuildFile; fileRef = 371D996E27C755C7000368AC /* JSONParserTests.swift */; };
		371D997B27C77C5E000368AC /* CoinListCollectionViewCell.swift in Sources */ = {isa = PBXBuildFile; fileRef = 371D997927C77C5E000368AC /* CoinListCollectionViewCell.swift */; };
		371D997C27C77C5E000368AC /* CoinListCollectionViewCell.xib in Resources */ = {isa = PBXBuildFile; fileRef = 371D997A27C77C5E000368AC /* CoinListCollectionViewCell.xib */; };
		375AE08C27C6894D00F8F7E6 /* JSONParser.swift in Sources */ = {isa = PBXBuildFile; fileRef = 375AE08B27C6894D00F8F7E6 /* JSONParser.swift */; };
		37A15ACA27C61D0A00585F4A /* AppDelegate.swift in Sources */ = {isa = PBXBuildFile; fileRef = 37A15AC927C61D0A00585F4A /* AppDelegate.swift */; };
		37A15ACC27C61D0A00585F4A /* SceneDelegate.swift in Sources */ = {isa = PBXBuildFile; fileRef = 37A15ACB27C61D0A00585F4A /* SceneDelegate.swift */; };
		37A15ACE27C61D0A00585F4A /* MainTabBarController.swift in Sources */ = {isa = PBXBuildFile; fileRef = 37A15ACD27C61D0A00585F4A /* MainTabBarController.swift */; };
		37A15AD127C61D0A00585F4A /* MainTabBar.storyboard in Resources */ = {isa = PBXBuildFile; fileRef = 37A15ACF27C61D0A00585F4A /* MainTabBar.storyboard */; };
		37A15AD427C61D0A00585F4A /* BithumbYagomAcamedy.xcdatamodeld in Sources */ = {isa = PBXBuildFile; fileRef = 37A15AD227C61D0A00585F4A /* BithumbYagomAcamedy.xcdatamodeld */; };
		37A15AD627C61D0C00585F4A /* Assets.xcassets in Resources */ = {isa = PBXBuildFile; fileRef = 37A15AD527C61D0C00585F4A /* Assets.xcassets */; };
		37A15AD927C61D0C00585F4A /* LaunchScreen.storyboard in Resources */ = {isa = PBXBuildFile; fileRef = 37A15AD727C61D0C00585F4A /* LaunchScreen.storyboard */; };
		37A15AE427C61D0D00585F4A /* BithumbYagomAcamedyTests.swift in Sources */ = {isa = PBXBuildFile; fileRef = 37A15AE327C61D0D00585F4A /* BithumbYagomAcamedyTests.swift */; };
		37E2A06327CFA10D00051F28 /* CoinChartViewController.swift in Sources */ = {isa = PBXBuildFile; fileRef = 37E2A06227CFA10D00051F28 /* CoinChartViewController.swift */; };
		3CC98F3827C879F200B9A6EF /* CoinListViewController.swift in Sources */ = {isa = PBXBuildFile; fileRef = 3CC98F3727C879F200B9A6EF /* CoinListViewController.swift */; };
		3CC98F3A27C896C400B9A6EF /* CoinListDataManager.swift in Sources */ = {isa = PBXBuildFile; fileRef = 3CC98F3927C896C400B9A6EF /* CoinListDataManager.swift */; };
		3CCB27C827C7473D00F84C80 /* TickersValueObject.swift in Sources */ = {isa = PBXBuildFile; fileRef = 3CCB27C727C7473D00F84C80 /* TickersValueObject.swift */; };
		3CCB27CA27C7737900F84C80 /* TickerValueObject.swift in Sources */ = {isa = PBXBuildFile; fileRef = 3CCB27C927C7737900F84C80 /* TickerValueObject.swift */; };
		3CCB27CC27C77EA500F84C80 /* OrderbookValueObject.swift in Sources */ = {isa = PBXBuildFile; fileRef = 3CCB27CB27C77EA500F84C80 /* OrderbookValueObject.swift */; };
		3CCB27CE27C77F0D00F84C80 /* TransactionValueObject.swift in Sources */ = {isa = PBXBuildFile; fileRef = 3CCB27CD27C77F0D00F84C80 /* TransactionValueObject.swift */; };
		3CCB27D027C77F2800F84C80 /* AssetsStatusAllValueObject.swift in Sources */ = {isa = PBXBuildFile; fileRef = 3CCB27CF27C77F2800F84C80 /* AssetsStatusAllValueObject.swift */; };
		3CEC2A0C27CC725000294531 /* Localizable.strings in Resources */ = {isa = PBXBuildFile; fileRef = 3CEC2A0E27CC725000294531 /* Localizable.strings */; };
/* End PBXBuildFile section */

/* Begin PBXContainerItemProxy section */
		37A15AE027C61D0D00585F4A /* PBXContainerItemProxy */ = {
			isa = PBXContainerItemProxy;
			containerPortal = 37A15ABE27C61D0A00585F4A /* Project object */;
			proxyType = 1;
			remoteGlobalIDString = 37A15AC527C61D0A00585F4A;
			remoteInfo = BithumbYagomAcamedy;
		};
/* End PBXContainerItemProxy section */

/* Begin PBXFileReference section */
		0830F6FE27CC942A00A65EBA /* WebSocketSendJSON.json */ = {isa = PBXFileReference; lastKnownFileType = text.json; path = WebSocketSendJSON.json; sourceTree = "<group>"; };
		0830F70C27CCB0FE00A65EBA /* TickerAPI.swift */ = {isa = PBXFileReference; lastKnownFileType = sourcecode.swift; path = TickerAPI.swift; sourceTree = "<group>"; };
		0830F70E27CCB12000A65EBA /* OrderbookAPI.swift */ = {isa = PBXFileReference; lastKnownFileType = sourcecode.swift; path = OrderbookAPI.swift; sourceTree = "<group>"; };
		0830F71027CCB14800A65EBA /* TransactionHistoryAPI.swift */ = {isa = PBXFileReference; lastKnownFileType = sourcecode.swift; path = TransactionHistoryAPI.swift; sourceTree = "<group>"; };
		0830F71227CCB16C00A65EBA /* AssetsStatusAPI.swift */ = {isa = PBXFileReference; lastKnownFileType = sourcecode.swift; path = AssetsStatusAPI.swift; sourceTree = "<group>"; };
		0830F71427CCB22600A65EBA /* BithumbWebSocketURL.swift */ = {isa = PBXFileReference; lastKnownFileType = sourcecode.swift; path = BithumbWebSocketURL.swift; sourceTree = "<group>"; };
		0830F71727CCB7C500A65EBA /* TickerWebSocket.swift */ = {isa = PBXFileReference; lastKnownFileType = sourcecode.swift; path = TickerWebSocket.swift; sourceTree = "<group>"; };
		0830F71927CCBC1000A65EBA /* WebSocketMessageConverter.swift */ = {isa = PBXFileReference; lastKnownFileType = sourcecode.swift; path = WebSocketMessageConverter.swift; sourceTree = "<group>"; };
		0849B49A27CBD9F20058486F /* MockWebSocketURLSessionTask.swift */ = {isa = PBXFileReference; lastKnownFileType = sourcecode.swift; path = MockWebSocketURLSessionTask.swift; sourceTree = "<group>"; };
		0849B49C27CBDA4E0058486F /* MockNetworkError.swift */ = {isa = PBXFileReference; lastKnownFileType = sourcecode.swift; path = MockNetworkError.swift; sourceTree = "<group>"; };
		0849B49E27CBDF2F0058486F /* URLSessionWebSocketTask+extension.swift */ = {isa = PBXFileReference; lastKnownFileType = sourcecode.swift; path = "URLSessionWebSocketTask+extension.swift"; sourceTree = "<group>"; };
		0849B4A027CBE59F0058486F /* WebSocketServiceTests.swift */ = {isa = PBXFileReference; lastKnownFileType = sourcecode.swift; path = WebSocketServiceTests.swift; sourceTree = "<group>"; };
		0849B4A427CC6C530058486F /* MockWebSocketService.swift */ = {isa = PBXFileReference; lastKnownFileType = sourcecode.swift; path = MockWebSocketService.swift; sourceTree = "<group>"; };
		0849B4A627CC6E2D0058486F /* WebSocketServicable.swift */ = {isa = PBXFileReference; lastKnownFileType = sourcecode.swift; path = WebSocketServicable.swift; sourceTree = "<group>"; };
		08A5A8E427CD21CA005553BD /* TransactionWebSocket.swift */ = {isa = PBXFileReference; lastKnownFileType = sourcecode.swift; path = TransactionWebSocket.swift; sourceTree = "<group>"; };
		08A5A8E627CD2211005553BD /* OrderBookDepth.swift */ = {isa = PBXFileReference; lastKnownFileType = sourcecode.swift; path = OrderBookDepth.swift; sourceTree = "<group>"; };
		08AF803027C742AB00790762 /* APIable.swift */ = {isa = PBXFileReference; lastKnownFileType = sourcecode.swift; path = APIable.swift; sourceTree = "<group>"; };
		08AF803327C7452300790762 /* URLRequest+extension.swift */ = {isa = PBXFileReference; lastKnownFileType = sourcecode.swift; path = "URLRequest+extension.swift"; sourceTree = "<group>"; };
		08AF803527C755A600790762 /* URLSession+extension.swift */ = {isa = PBXFileReference; lastKnownFileType = sourcecode.swift; path = "URLSession+extension.swift"; sourceTree = "<group>"; };
		08AF803727C7569D00790762 /* NetworkServiceTests.swift */ = {isa = PBXFileReference; lastKnownFileType = sourcecode.swift; path = NetworkServiceTests.swift; sourceTree = "<group>"; };
		08AF803B27C756E500790762 /* MockURLSession.swift */ = {isa = PBXFileReference; lastKnownFileType = sourcecode.swift; path = MockURLSession.swift; sourceTree = "<group>"; };
		08AF806D27C8BE6600790762 /* BaseURLable.swift */ = {isa = PBXFileReference; lastKnownFileType = sourcecode.swift; path = BaseURLable.swift; sourceTree = "<group>"; };
		08B46D7D27CDDE4B0072CBBF /* WebSocketTickerValueObject.swift */ = {isa = PBXFileReference; lastKnownFileType = sourcecode.swift; path = WebSocketTickerValueObject.swift; sourceTree = "<group>"; };
		08B46D7F27CDE5220072CBBF /* WebSocketTransactionValueObject.swift */ = {isa = PBXFileReference; lastKnownFileType = sourcecode.swift; path = WebSocketTransactionValueObject.swift; sourceTree = "<group>"; };
		08B46D8127CDF3920072CBBF /* WebSocketOrderBookDepthValueObject.swift */ = {isa = PBXFileReference; lastKnownFileType = sourcecode.swift; path = WebSocketOrderBookDepthValueObject.swift; sourceTree = "<group>"; };
		08B46D8327CDFAE00072CBBF /* WebSocketTickerJSONFile.json */ = {isa = PBXFileReference; lastKnownFileType = text.json; path = WebSocketTickerJSONFile.json; sourceTree = "<group>"; };
		08B46D8527CDFB100072CBBF /* WebSocketTransactionJSONFile.json */ = {isa = PBXFileReference; lastKnownFileType = text.json; path = WebSocketTransactionJSONFile.json; sourceTree = "<group>"; };
		08B46D8927CDFB5C0072CBBF /* WebSocketOrderbookdepthJSONFile.json */ = {isa = PBXFileReference; lastKnownFileType = text.json; path = WebSocketOrderbookdepthJSONFile.json; sourceTree = "<group>"; };
		08B46D8C27CE52D60072CBBF /* HTTPNetworkService.swift */ = {isa = PBXFileReference; fileEncoding = 4; lastKnownFileType = sourcecode.swift; path = HTTPNetworkService.swift; sourceTree = "<group>"; };
		08B46D8E27CE52E70072CBBF /* WebSocketService.swift */ = {isa = PBXFileReference; fileEncoding = 4; lastKnownFileType = sourcecode.swift; path = WebSocketService.swift; sourceTree = "<group>"; };
		08B46D9027CE53010072CBBF /* BithumbPublicAPIURL.swift */ = {isa = PBXFileReference; fileEncoding = 4; lastKnownFileType = sourcecode.swift; path = BithumbPublicAPIURL.swift; sourceTree = "<group>"; };
		08B46D9327CE55420072CBBF /* TransactionCollectionViewCell.xib */ = {isa = PBXFileReference; lastKnownFileType = file.xib; path = TransactionCollectionViewCell.xib; sourceTree = "<group>"; };
		08B46D9527CE556C0072CBBF /* TransactionCollectionViewCell.swift */ = {isa = PBXFileReference; lastKnownFileType = sourcecode.swift; path = TransactionCollectionViewCell.swift; sourceTree = "<group>"; };
		08B46D9727CE65F40072CBBF /* Transaction.swift */ = {isa = PBXFileReference; lastKnownFileType = sourcecode.swift; path = Transaction.swift; sourceTree = "<group>"; };
		08B46D9A27CF2CBD0072CBBF /* CoinDetailViewController.swift */ = {isa = PBXFileReference; lastKnownFileType = sourcecode.swift; path = CoinDetailViewController.swift; sourceTree = "<group>"; };
		08B46D9E27CF2D8E0072CBBF /* CoinDetail.storyboard */ = {isa = PBXFileReference; lastKnownFileType = file.storyboard; path = CoinDetail.storyboard; sourceTree = "<group>"; };
		08B46DA027CF2F0D0072CBBF /* CoinChart.storyboard */ = {isa = PBXFileReference; lastKnownFileType = file.storyboard; path = CoinChart.storyboard; sourceTree = "<group>"; };
		08B46DA227CF2F1C0072CBBF /* CoinOrderbook.storyboard */ = {isa = PBXFileReference; lastKnownFileType = file.storyboard; path = CoinOrderbook.storyboard; sourceTree = "<group>"; };
		08B46DA427CF2F280072CBBF /* CoinTransaction.storyboard */ = {isa = PBXFileReference; lastKnownFileType = file.storyboard; path = CoinTransaction.storyboard; sourceTree = "<group>"; };
		08B46DA627CF30630072CBBF /* CoinDetailPageViewController.swift */ = {isa = PBXFileReference; lastKnownFileType = sourcecode.swift; path = CoinDetailPageViewController.swift; sourceTree = "<group>"; };
		08B46DA827CF30830072CBBF /* CoinDetailPage.storyboard */ = {isa = PBXFileReference; lastKnownFileType = file.storyboard; path = CoinDetailPage.storyboard; sourceTree = "<group>"; };
		08B4916127C9C29F0082E379 /* WebSocketable.swift */ = {isa = PBXFileReference; lastKnownFileType = sourcecode.swift; path = WebSocketable.swift; sourceTree = "<group>"; };
		08F5EA4627C626350031EF4C /* CoinList.storyboard */ = {isa = PBXFileReference; lastKnownFileType = file.storyboard; path = CoinList.storyboard; sourceTree = "<group>"; };
		08F5EA4927C626E60031EF4C /* MoreDetail.storyboard */ = {isa = PBXFileReference; lastKnownFileType = file.storyboard; path = MoreDetail.storyboard; sourceTree = "<group>"; };
		08F5EA4C27C627450031EF4C /* DepositWithdrawalStatus.storyboard */ = {isa = PBXFileReference; lastKnownFileType = file.storyboard; path = DepositWithdrawalStatus.storyboard; sourceTree = "<group>"; };
		3707832727C8AB6D009ECBBC /* DepositWithdrawalCollectionViewCell.swift */ = {isa = PBXFileReference; lastKnownFileType = sourcecode.swift; path = DepositWithdrawalCollectionViewCell.swift; sourceTree = "<group>"; };
		3707832827C8AB6D009ECBBC /* DepositWithdrawalCollectionViewCell.xib */ = {isa = PBXFileReference; lastKnownFileType = file.xib; path = DepositWithdrawalCollectionViewCell.xib; sourceTree = "<group>"; };
		3707832D27C8B88F009ECBBC /* TransactionJSONFile.json */ = {isa = PBXFileReference; fileEncoding = 4; lastKnownFileType = text.json; path = TransactionJSONFile.json; sourceTree = "<group>"; };
		3707832E27C8B88F009ECBBC /* TickerJSONFile.json */ = {isa = PBXFileReference; fileEncoding = 4; lastKnownFileType = text.json; path = TickerJSONFile.json; sourceTree = "<group>"; };
		3707832F27C8B88F009ECBBC /* TickersJSONFile.json */ = {isa = PBXFileReference; fileEncoding = 4; lastKnownFileType = text.json; path = TickersJSONFile.json; sourceTree = "<group>"; };
		3707833027C8B88F009ECBBC /* OrderbookJSONFile.json */ = {isa = PBXFileReference; fileEncoding = 4; lastKnownFileType = text.json; path = OrderbookJSONFile.json; sourceTree = "<group>"; };
		3707833127C8B88F009ECBBC /* AssetsStatusJSONFile.json */ = {isa = PBXFileReference; fileEncoding = 4; lastKnownFileType = text.json; path = AssetsStatusJSONFile.json; sourceTree = "<group>"; };
		3707833727C8C469009ECBBC /* DepositWithdrawalStatusViewController.swift */ = {isa = PBXFileReference; lastKnownFileType = sourcecode.swift; path = DepositWithdrawalStatusViewController.swift; sourceTree = "<group>"; };
		370C4B2027CC688800EE2C68 /* DepositWithdrawalStatusDataManager.swift */ = {isa = PBXFileReference; lastKnownFileType = sourcecode.swift; path = DepositWithdrawalStatusDataManager.swift; sourceTree = "<group>"; };
		370C4B2227CC6BA700EE2C68 /* AssetsStatus.swift */ = {isa = PBXFileReference; lastKnownFileType = sourcecode.swift; path = AssetsStatus.swift; sourceTree = "<group>"; };
		370C4B4627CD1DEC00EE2C68 /* SortButton.swift */ = {isa = PBXFileReference; lastKnownFileType = sourcecode.swift; path = SortButton.swift; sourceTree = "<group>"; };
		371D996E27C755C7000368AC /* JSONParserTests.swift */ = {isa = PBXFileReference; lastKnownFileType = sourcecode.swift; path = JSONParserTests.swift; sourceTree = "<group>"; };
		371D997927C77C5E000368AC /* CoinListCollectionViewCell.swift */ = {isa = PBXFileReference; lastKnownFileType = sourcecode.swift; path = CoinListCollectionViewCell.swift; sourceTree = "<group>"; };
		371D997A27C77C5E000368AC /* CoinListCollectionViewCell.xib */ = {isa = PBXFileReference; lastKnownFileType = file.xib; path = CoinListCollectionViewCell.xib; sourceTree = "<group>"; };
		375AE08B27C6894D00F8F7E6 /* JSONParser.swift */ = {isa = PBXFileReference; lastKnownFileType = sourcecode.swift; path = JSONParser.swift; sourceTree = "<group>"; };
		37A15AC627C61D0A00585F4A /* BithumbYagomAcamedy.app */ = {isa = PBXFileReference; explicitFileType = wrapper.application; includeInIndex = 0; path = BithumbYagomAcamedy.app; sourceTree = BUILT_PRODUCTS_DIR; };
		37A15AC927C61D0A00585F4A /* AppDelegate.swift */ = {isa = PBXFileReference; lastKnownFileType = sourcecode.swift; path = AppDelegate.swift; sourceTree = "<group>"; };
		37A15ACB27C61D0A00585F4A /* SceneDelegate.swift */ = {isa = PBXFileReference; lastKnownFileType = sourcecode.swift; path = SceneDelegate.swift; sourceTree = "<group>"; };
		37A15ACD27C61D0A00585F4A /* MainTabBarController.swift */ = {isa = PBXFileReference; lastKnownFileType = sourcecode.swift; path = MainTabBarController.swift; sourceTree = "<group>"; };
		37A15AD027C61D0A00585F4A /* Base */ = {isa = PBXFileReference; lastKnownFileType = file.storyboard; name = Base; path = Base.lproj/MainTabBar.storyboard; sourceTree = "<group>"; };
		37A15AD327C61D0A00585F4A /* BithumbYagomAcamedy.xcdatamodel */ = {isa = PBXFileReference; lastKnownFileType = wrapper.xcdatamodel; path = BithumbYagomAcamedy.xcdatamodel; sourceTree = "<group>"; };
		37A15AD527C61D0C00585F4A /* Assets.xcassets */ = {isa = PBXFileReference; lastKnownFileType = folder.assetcatalog; path = Assets.xcassets; sourceTree = "<group>"; };
		37A15AD827C61D0C00585F4A /* Base */ = {isa = PBXFileReference; lastKnownFileType = file.storyboard; name = Base; path = Base.lproj/LaunchScreen.storyboard; sourceTree = "<group>"; };
		37A15ADA27C61D0C00585F4A /* Info.plist */ = {isa = PBXFileReference; lastKnownFileType = text.plist.xml; path = Info.plist; sourceTree = "<group>"; };
		37A15ADF27C61D0D00585F4A /* BithumbYagomAcamedyTests.xctest */ = {isa = PBXFileReference; explicitFileType = wrapper.cfbundle; includeInIndex = 0; path = BithumbYagomAcamedyTests.xctest; sourceTree = BUILT_PRODUCTS_DIR; };
		37A15AE327C61D0D00585F4A /* BithumbYagomAcamedyTests.swift */ = {isa = PBXFileReference; lastKnownFileType = sourcecode.swift; path = BithumbYagomAcamedyTests.swift; sourceTree = "<group>"; };
		37E2A06227CFA10D00051F28 /* CoinChartViewController.swift */ = {isa = PBXFileReference; lastKnownFileType = sourcecode.swift; path = CoinChartViewController.swift; sourceTree = "<group>"; };
		3CC98F3727C879F200B9A6EF /* CoinListViewController.swift */ = {isa = PBXFileReference; lastKnownFileType = sourcecode.swift; path = CoinListViewController.swift; sourceTree = "<group>"; };
		3CC98F3927C896C400B9A6EF /* CoinListDataManager.swift */ = {isa = PBXFileReference; lastKnownFileType = sourcecode.swift; path = CoinListDataManager.swift; sourceTree = "<group>"; };
		3CCB27C727C7473D00F84C80 /* TickersValueObject.swift */ = {isa = PBXFileReference; lastKnownFileType = sourcecode.swift; path = TickersValueObject.swift; sourceTree = "<group>"; };
		3CCB27C927C7737900F84C80 /* TickerValueObject.swift */ = {isa = PBXFileReference; lastKnownFileType = sourcecode.swift; path = TickerValueObject.swift; sourceTree = "<group>"; };
		3CCB27CB27C77EA500F84C80 /* OrderbookValueObject.swift */ = {isa = PBXFileReference; lastKnownFileType = sourcecode.swift; path = OrderbookValueObject.swift; sourceTree = "<group>"; };
		3CCB27CD27C77F0D00F84C80 /* TransactionValueObject.swift */ = {isa = PBXFileReference; lastKnownFileType = sourcecode.swift; path = TransactionValueObject.swift; sourceTree = "<group>"; };
		3CCB27CF27C77F2800F84C80 /* AssetsStatusAllValueObject.swift */ = {isa = PBXFileReference; lastKnownFileType = sourcecode.swift; path = AssetsStatusAllValueObject.swift; sourceTree = "<group>"; };
		3CEC2A0D27CC725000294531 /* en */ = {isa = PBXFileReference; lastKnownFileType = text.plist.strings; name = en; path = en.lproj/Localizable.strings; sourceTree = "<group>"; };
/* End PBXFileReference section */

/* Begin PBXFrameworksBuildPhase section */
		37A15AC327C61D0A00585F4A /* Frameworks */ = {
			isa = PBXFrameworksBuildPhase;
			buildActionMask = 2147483647;
			files = (
				3711EE9527CF638600E7A990 /* Charts in Frameworks */,
			);
			runOnlyForDeploymentPostprocessing = 0;
		};
		37A15ADC27C61D0D00585F4A /* Frameworks */ = {
			isa = PBXFrameworksBuildPhase;
			buildActionMask = 2147483647;
			files = (
			);
			runOnlyForDeploymentPostprocessing = 0;
		};
/* End PBXFrameworksBuildPhase section */

/* Begin PBXGroup section */
		0830F70027CCAEE600A65EBA /* Network */ = {
			isa = PBXGroup;
			children = (
				0830F70127CCAEF800A65EBA /* HTTP */,
				0830F70227CCAF0000A65EBA /* WebSocket */,
			);
			path = Network;
			sourceTree = "<group>";
		};
		0830F70127CCAEF800A65EBA /* HTTP */ = {
			isa = PBXGroup;
			children = (
				08B46D8C27CE52D60072CBBF /* HTTPNetworkService.swift */,
				0830F70527CCAF5C00A65EBA /* Extension */,
				0830F70327CCAF2A00A65EBA /* Protocol */,
				0830F70727CCAFA900A65EBA /* Model */,
			);
			path = HTTP;
			sourceTree = "<group>";
		};
		0830F70227CCAF0000A65EBA /* WebSocket */ = {
			isa = PBXGroup;
			children = (
				08B46D8E27CE52E70072CBBF /* WebSocketService.swift */,
				0830F70627CCAF6E00A65EBA /* Extension */,
				0830F70427CCAF3E00A65EBA /* Protocol */,
				0830F70827CCAFC100A65EBA /* Model */,
			);
			path = WebSocket;
			sourceTree = "<group>";
		};
		0830F70327CCAF2A00A65EBA /* Protocol */ = {
			isa = PBXGroup;
			children = (
				08AF803027C742AB00790762 /* APIable.swift */,
				08AF806D27C8BE6600790762 /* BaseURLable.swift */,
			);
			path = Protocol;
			sourceTree = "<group>";
		};
		0830F70427CCAF3E00A65EBA /* Protocol */ = {
			isa = PBXGroup;
			children = (
				0849B4A627CC6E2D0058486F /* WebSocketServicable.swift */,
				08B4916127C9C29F0082E379 /* WebSocketable.swift */,
			);
			path = Protocol;
			sourceTree = "<group>";
		};
		0830F70527CCAF5C00A65EBA /* Extension */ = {
			isa = PBXGroup;
			children = (
				08AF803327C7452300790762 /* URLRequest+extension.swift */,
				08AF803527C755A600790762 /* URLSession+extension.swift */,
			);
			path = Extension;
			sourceTree = "<group>";
		};
		0830F70627CCAF6E00A65EBA /* Extension */ = {
			isa = PBXGroup;
			children = (
				0849B49E27CBDF2F0058486F /* URLSessionWebSocketTask+extension.swift */,
			);
			path = Extension;
			sourceTree = "<group>";
		};
		0830F70727CCAFA900A65EBA /* Model */ = {
			isa = PBXGroup;
			children = (
				08B46D9027CE53010072CBBF /* BithumbPublicAPIURL.swift */,
				0830F70B27CCB0D200A65EBA /* APIModels */,
			);
			path = Model;
			sourceTree = "<group>";
		};
		0830F70827CCAFC100A65EBA /* Model */ = {
			isa = PBXGroup;
			children = (
				0830F71427CCB22600A65EBA /* BithumbWebSocketURL.swift */,
				0830F71627CCB7A400A65EBA /* WebSocketModels */,
				0830F71927CCBC1000A65EBA /* WebSocketMessageConverter.swift */,
			);
			path = Model;
			sourceTree = "<group>";
		};
		0830F70B27CCB0D200A65EBA /* APIModels */ = {
			isa = PBXGroup;
			children = (
				0830F70C27CCB0FE00A65EBA /* TickerAPI.swift */,
				0830F70E27CCB12000A65EBA /* OrderbookAPI.swift */,
				0830F71027CCB14800A65EBA /* TransactionHistoryAPI.swift */,
				0830F71227CCB16C00A65EBA /* AssetsStatusAPI.swift */,
			);
			path = APIModels;
			sourceTree = "<group>";
		};
		0830F71627CCB7A400A65EBA /* WebSocketModels */ = {
			isa = PBXGroup;
			children = (
				0830F71727CCB7C500A65EBA /* TickerWebSocket.swift */,
				08A5A8E427CD21CA005553BD /* TransactionWebSocket.swift */,
				08A5A8E627CD2211005553BD /* OrderBookDepth.swift */,
			);
			path = WebSocketModels;
			sourceTree = "<group>";
		};
		08AF803927C756BD00790762 /* NetworkServiceTest */ = {
			isa = PBXGroup;
			children = (
				08AF803A27C756D400790762 /* Mock */,
				08AF803727C7569D00790762 /* NetworkServiceTests.swift */,
				0849B4A027CBE59F0058486F /* WebSocketServiceTests.swift */,
			);
			path = NetworkServiceTest;
			sourceTree = "<group>";
		};
		08AF803A27C756D400790762 /* Mock */ = {
			isa = PBXGroup;
			children = (
				0849B49C27CBDA4E0058486F /* MockNetworkError.swift */,
				08AF803B27C756E500790762 /* MockURLSession.swift */,
				0849B49A27CBD9F20058486F /* MockWebSocketURLSessionTask.swift */,
				0849B4A427CC6C530058486F /* MockWebSocketService.swift */,
				0830F6FE27CC942A00A65EBA /* WebSocketSendJSON.json */,
			);
			path = Mock;
			sourceTree = "<group>";
		};
		08B46D7C27CDDE1F0072CBBF /* WebSockerValueObject */ = {
			isa = PBXGroup;
			children = (
				08B46D7D27CDDE4B0072CBBF /* WebSocketTickerValueObject.swift */,
				08B46D8127CDF3920072CBBF /* WebSocketOrderBookDepthValueObject.swift */,
				08B46D7F27CDE5220072CBBF /* WebSocketTransactionValueObject.swift */,
			);
			path = WebSockerValueObject;
			sourceTree = "<group>";
		};
		08B46D9227CE55180072CBBF /* TransactionView */ = {
			isa = PBXGroup;
			children = (
				08B46D9327CE55420072CBBF /* TransactionCollectionViewCell.xib */,
				08B46D9527CE556C0072CBBF /* TransactionCollectionViewCell.swift */,
			);
			path = TransactionView;
			sourceTree = "<group>";
		};
		08B46D9927CF2C2E0072CBBF /* CoinDetailView */ = {
			isa = PBXGroup;
			children = (
				08B46D9A27CF2CBD0072CBBF /* CoinDetailViewController.swift */,
				08B46D9E27CF2D8E0072CBBF /* CoinDetail.storyboard */,
				08B46DAD27CF3D0C0072CBBF /* CoinDetailPageView */,
				08B46DAA27CF3CB90072CBBF /* CoinChartView */,
				08B46DAB27CF3CCF0072CBBF /* CoinOrderbookView */,
				08B46DAC27CF3CD80072CBBF /* CoinTransactionView */,
			);
			path = CoinDetailView;
			sourceTree = "<group>";
		};
		08B46DAA27CF3CB90072CBBF /* CoinChartView */ = {
			isa = PBXGroup;
			children = (
				08B46DA027CF2F0D0072CBBF /* CoinChart.storyboard */,
			);
			path = CoinChartView;
			sourceTree = "<group>";
		};
		08B46DAB27CF3CCF0072CBBF /* CoinOrderbookView */ = {
			isa = PBXGroup;
			children = (
				08B46DA227CF2F1C0072CBBF /* CoinOrderbook.storyboard */,
			);
			path = CoinOrderbookView;
			sourceTree = "<group>";
		};
		08B46DAC27CF3CD80072CBBF /* CoinTransactionView */ = {
			isa = PBXGroup;
			children = (
				08B46DA427CF2F280072CBBF /* CoinTransaction.storyboard */,
			);
			path = CoinTransactionView;
			sourceTree = "<group>";
		};
		08B46DAD27CF3D0C0072CBBF /* CoinDetailPageView */ = {
			isa = PBXGroup;
			children = (
				08B46DA627CF30630072CBBF /* CoinDetailPageViewController.swift */,
				08B46DA827CF30830072CBBF /* CoinDetailPage.storyboard */,
			);
			path = CoinDetailPageView;
			sourceTree = "<group>";
		};
		08F5EA4127C622F60031EF4C /* Resource */ = {
			isa = PBXGroup;
			children = (
				37A15AD227C61D0A00585F4A /* BithumbYagomAcamedy.xcdatamodeld */,
				37A15ADA27C61D0C00585F4A /* Info.plist */,
				37A15AD527C61D0C00585F4A /* Assets.xcassets */,
				3CEC2A0E27CC725000294531 /* Localizable.strings */,
			);
			path = Resource;
			sourceTree = "<group>";
		};
		08F5EA4227C623D50031EF4C /* View */ = {
			isa = PBXGroup;
			children = (
				37A15ACF27C61D0A00585F4A /* MainTabBar.storyboard */,
				08F5EA4527C625CC0031EF4C /* CoinListView */,
				08B46D9227CE55180072CBBF /* TransactionView */,
				08B46D9927CF2C2E0072CBBF /* CoinDetailView */,
				08F5EA4B27C627040031EF4C /* DepositWithdrawalStatusView */,
				08F5EA4827C626A50031EF4C /* MoreDetailView */,
				37A15AD727C61D0C00585F4A /* LaunchScreen.storyboard */,
			);
			path = View;
			sourceTree = "<group>";
		};
		08F5EA4327C623EE0031EF4C /* AppLifeCycle */ = {
			isa = PBXGroup;
			children = (
				37A15AC927C61D0A00585F4A /* AppDelegate.swift */,
				37A15ACB27C61D0A00585F4A /* SceneDelegate.swift */,
			);
			path = AppLifeCycle;
			sourceTree = "<group>";
		};
		08F5EA4427C6240C0031EF4C /* Controller */ = {
			isa = PBXGroup;
			children = (
				37A15ACD27C61D0A00585F4A /* MainTabBarController.swift */,
				3707833727C8C469009ECBBC /* DepositWithdrawalStatusViewController.swift */,
				3CC98F3727C879F200B9A6EF /* CoinListViewController.swift */,
				3CC98F3927C896C400B9A6EF /* CoinListDataManager.swift */,
				37E2A06227CFA10D00051F28 /* CoinChartViewController.swift */,
			);
			path = Controller;
			sourceTree = "<group>";
		};
		08F5EA4527C625CC0031EF4C /* CoinListView */ = {
			isa = PBXGroup;
			children = (
				08F5EA4627C626350031EF4C /* CoinList.storyboard */,
				371D997927C77C5E000368AC /* CoinListCollectionViewCell.swift */,
				371D997A27C77C5E000368AC /* CoinListCollectionViewCell.xib */,
			);
			path = CoinListView;
			sourceTree = "<group>";
		};
		08F5EA4827C626A50031EF4C /* MoreDetailView */ = {
			isa = PBXGroup;
			children = (
				08F5EA4927C626E60031EF4C /* MoreDetail.storyboard */,
			);
			path = MoreDetailView;
			sourceTree = "<group>";
		};
		08F5EA4B27C627040031EF4C /* DepositWithdrawalStatusView */ = {
			isa = PBXGroup;
			children = (
				08F5EA4C27C627450031EF4C /* DepositWithdrawalStatus.storyboard */,
				3707832727C8AB6D009ECBBC /* DepositWithdrawalCollectionViewCell.swift */,
				3707832827C8AB6D009ECBBC /* DepositWithdrawalCollectionViewCell.xib */,
				370C4B4627CD1DEC00EE2C68 /* SortButton.swift */,
			);
			path = DepositWithdrawalStatusView;
			sourceTree = "<group>";
		};
		08F5EA4E27C688160031EF4C /* Utility */ = {
			isa = PBXGroup;
			children = (
				375AE08B27C6894D00F8F7E6 /* JSONParser.swift */,
			);
			path = Utility;
			sourceTree = "<group>";
		};
		3707832C27C8B825009ECBBC /* JSONParserTest */ = {
			isa = PBXGroup;
			children = (
				371D996527C74476000368AC /* Mock */,
				371D996E27C755C7000368AC /* JSONParserTests.swift */,
			);
			path = JSONParserTest;
			sourceTree = "<group>";
		};
		371D996527C74476000368AC /* Mock */ = {
			isa = PBXGroup;
			children = (
				3707833127C8B88F009ECBBC /* AssetsStatusJSONFile.json */,
				3707833027C8B88F009ECBBC /* OrderbookJSONFile.json */,
				3707832E27C8B88F009ECBBC /* TickerJSONFile.json */,
				3707832F27C8B88F009ECBBC /* TickersJSONFile.json */,
				3707832D27C8B88F009ECBBC /* TransactionJSONFile.json */,
				08B46D8327CDFAE00072CBBF /* WebSocketTickerJSONFile.json */,
				08B46D8927CDFB5C0072CBBF /* WebSocketOrderbookdepthJSONFile.json */,
				08B46D8527CDFB100072CBBF /* WebSocketTransactionJSONFile.json */,
			);
			path = Mock;
			sourceTree = "<group>";
		};
		37A15ABD27C61D0A00585F4A = {
			isa = PBXGroup;
			children = (
				37A15AC827C61D0A00585F4A /* BithumbYagomAcamedy */,
				37A15AE227C61D0D00585F4A /* BithumbYagomAcamedyTests */,
				37A15AC727C61D0A00585F4A /* Products */,
			);
			sourceTree = "<group>";
		};
		37A15AC727C61D0A00585F4A /* Products */ = {
			isa = PBXGroup;
			children = (
				37A15AC627C61D0A00585F4A /* BithumbYagomAcamedy.app */,
				37A15ADF27C61D0D00585F4A /* BithumbYagomAcamedyTests.xctest */,
			);
			name = Products;
			sourceTree = "<group>";
		};
		37A15AC827C61D0A00585F4A /* BithumbYagomAcamedy */ = {
			isa = PBXGroup;
			children = (
				0830F70027CCAEE600A65EBA /* Network */,
				08F5EA4E27C688160031EF4C /* Utility */,
				08F5EA4327C623EE0031EF4C /* AppLifeCycle */,
				08F5EA4127C622F60031EF4C /* Resource */,
				3CCB27C527C73E3C00F84C80 /* Model */,
				08F5EA4427C6240C0031EF4C /* Controller */,
				08F5EA4227C623D50031EF4C /* View */,
			);
			path = BithumbYagomAcamedy;
			sourceTree = "<group>";
		};
		37A15AE227C61D0D00585F4A /* BithumbYagomAcamedyTests */ = {
			isa = PBXGroup;
			children = (
				3707832C27C8B825009ECBBC /* JSONParserTest */,
				08AF803927C756BD00790762 /* NetworkServiceTest */,
				37A15AE327C61D0D00585F4A /* BithumbYagomAcamedyTests.swift */,
			);
			path = BithumbYagomAcamedyTests;
			sourceTree = "<group>";
		};
		3CCB27C527C73E3C00F84C80 /* Model */ = {
			isa = PBXGroup;
			children = (
				08B46D7C27CDDE1F0072CBBF /* WebSockerValueObject */,
				3CCB27C627C73E4D00F84C80 /* ValueObject */,
				370C4B2227CC6BA700EE2C68 /* AssetsStatus.swift */,
				370C4B2027CC688800EE2C68 /* DepositWithdrawalStatusDataManager.swift */,
				08B46D9727CE65F40072CBBF /* Transaction.swift */,
			);
			path = Model;
			sourceTree = "<group>";
		};
		3CCB27C627C73E4D00F84C80 /* ValueObject */ = {
			isa = PBXGroup;
			children = (
				3CCB27C727C7473D00F84C80 /* TickersValueObject.swift */,
				3CCB27C927C7737900F84C80 /* TickerValueObject.swift */,
				3CCB27CB27C77EA500F84C80 /* OrderbookValueObject.swift */,
				3CCB27CD27C77F0D00F84C80 /* TransactionValueObject.swift */,
				3CCB27CF27C77F2800F84C80 /* AssetsStatusAllValueObject.swift */,
			);
			path = ValueObject;
			sourceTree = "<group>";
		};
/* End PBXGroup section */

/* Begin PBXNativeTarget section */
		37A15AC527C61D0A00585F4A /* BithumbYagomAcamedy */ = {
			isa = PBXNativeTarget;
			buildConfigurationList = 37A15AF327C61D0D00585F4A /* Build configuration list for PBXNativeTarget "BithumbYagomAcamedy" */;
			buildPhases = (
				37A15AC227C61D0A00585F4A /* Sources */,
				37A15AC327C61D0A00585F4A /* Frameworks */,
				37A15AC427C61D0A00585F4A /* Resources */,
			);
			buildRules = (
			);
			dependencies = (
			);
			name = BithumbYagomAcamedy;
			packageProductDependencies = (
				3711EE9427CF638600E7A990 /* Charts */,
			);
			productName = BithumbYagomAcamedy;
			productReference = 37A15AC627C61D0A00585F4A /* BithumbYagomAcamedy.app */;
			productType = "com.apple.product-type.application";
		};
		37A15ADE27C61D0D00585F4A /* BithumbYagomAcamedyTests */ = {
			isa = PBXNativeTarget;
			buildConfigurationList = 37A15AF627C61D0D00585F4A /* Build configuration list for PBXNativeTarget "BithumbYagomAcamedyTests" */;
			buildPhases = (
				37A15ADB27C61D0D00585F4A /* Sources */,
				37A15ADC27C61D0D00585F4A /* Frameworks */,
				37A15ADD27C61D0D00585F4A /* Resources */,
			);
			buildRules = (
			);
			dependencies = (
				37A15AE127C61D0D00585F4A /* PBXTargetDependency */,
			);
			name = BithumbYagomAcamedyTests;
			productName = BithumbYagomAcamedyTests;
			productReference = 37A15ADF27C61D0D00585F4A /* BithumbYagomAcamedyTests.xctest */;
			productType = "com.apple.product-type.bundle.unit-test";
		};
/* End PBXNativeTarget section */

/* Begin PBXProject section */
		37A15ABE27C61D0A00585F4A /* Project object */ = {
			isa = PBXProject;
			attributes = {
				BuildIndependentTargetsInParallel = 1;
				LastSwiftUpdateCheck = 1320;
				LastUpgradeCheck = 1320;
				TargetAttributes = {
					37A15AC527C61D0A00585F4A = {
						CreatedOnToolsVersion = 13.2.1;
					};
					37A15ADE27C61D0D00585F4A = {
						CreatedOnToolsVersion = 13.2.1;
						TestTargetID = 37A15AC527C61D0A00585F4A;
					};
				};
			};
			buildConfigurationList = 37A15AC127C61D0A00585F4A /* Build configuration list for PBXProject "BithumbYagomAcamedy" */;
			compatibilityVersion = "Xcode 13.0";
			developmentRegion = en;
			hasScannedForEncodings = 0;
			knownRegions = (
				en,
				Base,
			);
			mainGroup = 37A15ABD27C61D0A00585F4A;
			packageReferences = (
				3711EE9327CF638600E7A990 /* XCRemoteSwiftPackageReference "Charts" */,
			);
			productRefGroup = 37A15AC727C61D0A00585F4A /* Products */;
			projectDirPath = "";
			projectRoot = "";
			targets = (
				37A15AC527C61D0A00585F4A /* BithumbYagomAcamedy */,
				37A15ADE27C61D0D00585F4A /* BithumbYagomAcamedyTests */,
			);
		};
/* End PBXProject section */

/* Begin PBXResourcesBuildPhase section */
		37A15AC427C61D0A00585F4A /* Resources */ = {
			isa = PBXResourcesBuildPhase;
			buildActionMask = 2147483647;
			files = (
				08F5EA4D27C627450031EF4C /* DepositWithdrawalStatus.storyboard in Resources */,
				08B46DA927CF30830072CBBF /* CoinDetailPage.storyboard in Resources */,
				37A15AD927C61D0C00585F4A /* LaunchScreen.storyboard in Resources */,
				37A15AD627C61D0C00585F4A /* Assets.xcassets in Resources */,
				371D997C27C77C5E000368AC /* CoinListCollectionViewCell.xib in Resources */,
				08B46DA527CF2F280072CBBF /* CoinTransaction.storyboard in Resources */,
				08B46DA127CF2F0D0072CBBF /* CoinChart.storyboard in Resources */,
				08B46D9F27CF2D8E0072CBBF /* CoinDetail.storyboard in Resources */,
				3CEC2A0C27CC725000294531 /* Localizable.strings in Resources */,
				37A15AD127C61D0A00585F4A /* MainTabBar.storyboard in Resources */,
				08B46D9427CE55420072CBBF /* TransactionCollectionViewCell.xib in Resources */,
				08F5EA4A27C626E60031EF4C /* MoreDetail.storyboard in Resources */,
				3707832A27C8AB6D009ECBBC /* DepositWithdrawalCollectionViewCell.xib in Resources */,
				08F5EA4727C626350031EF4C /* CoinList.storyboard in Resources */,
				08B46DA327CF2F1C0072CBBF /* CoinOrderbook.storyboard in Resources */,
			);
			runOnlyForDeploymentPostprocessing = 0;
		};
		37A15ADD27C61D0D00585F4A /* Resources */ = {
			isa = PBXResourcesBuildPhase;
			buildActionMask = 2147483647;
			files = (
				08B46D8627CDFB100072CBBF /* WebSocketTransactionJSONFile.json in Resources */,
				08B46D8A27CDFB5C0072CBBF /* WebSocketOrderbookdepthJSONFile.json in Resources */,
				3707833627C8B88F009ECBBC /* AssetsStatusJSONFile.json in Resources */,
				3707833227C8B88F009ECBBC /* TransactionJSONFile.json in Resources */,
				3707833327C8B88F009ECBBC /* TickerJSONFile.json in Resources */,
				0830F6FF27CC942A00A65EBA /* WebSocketSendJSON.json in Resources */,
				3707833427C8B88F009ECBBC /* TickersJSONFile.json in Resources */,
				3707833527C8B88F009ECBBC /* OrderbookJSONFile.json in Resources */,
				08B46D8427CDFAE00072CBBF /* WebSocketTickerJSONFile.json in Resources */,
			);
			runOnlyForDeploymentPostprocessing = 0;
		};
/* End PBXResourcesBuildPhase section */

/* Begin PBXSourcesBuildPhase section */
		37A15AC227C61D0A00585F4A /* Sources */ = {
			isa = PBXSourcesBuildPhase;
			buildActionMask = 2147483647;
			files = (
				0830F71827CCB7C500A65EBA /* TickerWebSocket.swift in Sources */,
				0830F71327CCB16C00A65EBA /* AssetsStatusAPI.swift in Sources */,
				08AF806E27C8BE6600790762 /* BaseURLable.swift in Sources */,
				08B46D9627CE556C0072CBBF /* TransactionCollectionViewCell.swift in Sources */,
				08B46D9127CE53010072CBBF /* BithumbPublicAPIURL.swift in Sources */,
				0849B49F27CBDF2F0058486F /* URLSessionWebSocketTask+extension.swift in Sources */,
				08AF803427C7452300790762 /* URLRequest+extension.swift in Sources */,
				0830F70F27CCB12000A65EBA /* OrderbookAPI.swift in Sources */,
				3CCB27C827C7473D00F84C80 /* TickersValueObject.swift in Sources */,
				370C4B2127CC688800EE2C68 /* DepositWithdrawalStatusDataManager.swift in Sources */,
				370C4B4727CD1DEC00EE2C68 /* SortButton.swift in Sources */,
				3CCB27CE27C77F0D00F84C80 /* TransactionValueObject.swift in Sources */,
				3CCB27CC27C77EA500F84C80 /* OrderbookValueObject.swift in Sources */,
				0830F71527CCB22600A65EBA /* BithumbWebSocketURL.swift in Sources */,
				37E2A06327CFA10D00051F28 /* CoinChartViewController.swift in Sources */,
				370C4B2327CC6BA700EE2C68 /* AssetsStatus.swift in Sources */,
				3CC98F3827C879F200B9A6EF /* CoinListViewController.swift in Sources */,
				37A15AD427C61D0A00585F4A /* BithumbYagomAcamedy.xcdatamodeld in Sources */,
				08B46D7E27CDDE4B0072CBBF /* WebSocketTickerValueObject.swift in Sources */,
				3707833827C8C469009ECBBC /* DepositWithdrawalStatusViewController.swift in Sources */,
				08B46DA727CF30630072CBBF /* CoinDetailPageViewController.swift in Sources */,
				0830F71127CCB14800A65EBA /* TransactionHistoryAPI.swift in Sources */,
				375AE08C27C6894D00F8F7E6 /* JSONParser.swift in Sources */,
				08A5A8E727CD2211005553BD /* OrderBookDepth.swift in Sources */,
				08A5A8E527CD21CA005553BD /* TransactionWebSocket.swift in Sources */,
				37A15ACE27C61D0A00585F4A /* MainTabBarController.swift in Sources */,
				3CCB27D027C77F2800F84C80 /* AssetsStatusAllValueObject.swift in Sources */,
				0849B4A727CC6E2D0058486F /* WebSocketServicable.swift in Sources */,
				08AF803627C755A600790762 /* URLSession+extension.swift in Sources */,
				3707832927C8AB6D009ECBBC /* DepositWithdrawalCollectionViewCell.swift in Sources */,
				0830F70D27CCB0FE00A65EBA /* TickerAPI.swift in Sources */,
				08B46D8F27CE52E70072CBBF /* WebSocketService.swift in Sources */,
				37A15ACA27C61D0A00585F4A /* AppDelegate.swift in Sources */,
				08B46D8D27CE52D60072CBBF /* HTTPNetworkService.swift in Sources */,
				08B46D9C27CF2CBD0072CBBF /* CoinDetailViewController.swift in Sources */,
				08B4916227C9C29F0082E379 /* WebSocketable.swift in Sources */,
				08AF803127C742AB00790762 /* APIable.swift in Sources */,
				08B46D8027CDE5220072CBBF /* WebSocketTransactionValueObject.swift in Sources */,
				37A15ACC27C61D0A00585F4A /* SceneDelegate.swift in Sources */,
				3CCB27CA27C7737900F84C80 /* TickerValueObject.swift in Sources */,
				371D997B27C77C5E000368AC /* CoinListCollectionViewCell.swift in Sources */,
				3CC98F3A27C896C400B9A6EF /* CoinListDataManager.swift in Sources */,
				08B46D8227CDF3920072CBBF /* WebSocketOrderBookDepthValueObject.swift in Sources */,
				0830F71A27CCBC1000A65EBA /* WebSocketMessageConverter.swift in Sources */,
				08B46D9827CE65F40072CBBF /* Transaction.swift in Sources */,
				3CC98F3A27C896C400B9A6EF /* CoinListDataManager.swift in Sources */,
			);
			runOnlyForDeploymentPostprocessing = 0;
		};
		37A15ADB27C61D0D00585F4A /* Sources */ = {
			isa = PBXSourcesBuildPhase;
			buildActionMask = 2147483647;
			files = (
				08AF803C27C756E500790762 /* MockURLSession.swift in Sources */,
				0849B4A127CBE59F0058486F /* WebSocketServiceTests.swift in Sources */,
				0849B49D27CBDA4E0058486F /* MockNetworkError.swift in Sources */,
				0849B4A527CC6C530058486F /* MockWebSocketService.swift in Sources */,
				08AF803827C7569D00790762 /* NetworkServiceTests.swift in Sources */,
				371D996F27C755C7000368AC /* JSONParserTests.swift in Sources */,
				0849B49B27CBD9F20058486F /* MockWebSocketURLSessionTask.swift in Sources */,
				37A15AE427C61D0D00585F4A /* BithumbYagomAcamedyTests.swift in Sources */,
			);
			runOnlyForDeploymentPostprocessing = 0;
		};
/* End PBXSourcesBuildPhase section */

/* Begin PBXTargetDependency section */
		37A15AE127C61D0D00585F4A /* PBXTargetDependency */ = {
			isa = PBXTargetDependency;
			target = 37A15AC527C61D0A00585F4A /* BithumbYagomAcamedy */;
			targetProxy = 37A15AE027C61D0D00585F4A /* PBXContainerItemProxy */;
		};
/* End PBXTargetDependency section */

/* Begin PBXVariantGroup section */
		37A15ACF27C61D0A00585F4A /* MainTabBar.storyboard */ = {
			isa = PBXVariantGroup;
			children = (
				37A15AD027C61D0A00585F4A /* Base */,
			);
			name = MainTabBar.storyboard;
			sourceTree = "<group>";
		};
		37A15AD727C61D0C00585F4A /* LaunchScreen.storyboard */ = {
			isa = PBXVariantGroup;
			children = (
				37A15AD827C61D0C00585F4A /* Base */,
			);
			name = LaunchScreen.storyboard;
			sourceTree = "<group>";
		};
		3CEC2A0E27CC725000294531 /* Localizable.strings */ = {
			isa = PBXVariantGroup;
			children = (
				3CEC2A0D27CC725000294531 /* en */,
			);
			name = Localizable.strings;
			sourceTree = "<group>";
		};
/* End PBXVariantGroup section */

/* Begin XCBuildConfiguration section */
		37A15AF127C61D0D00585F4A /* Debug */ = {
			isa = XCBuildConfiguration;
			buildSettings = {
				ALWAYS_SEARCH_USER_PATHS = NO;
				CLANG_ANALYZER_NONNULL = YES;
				CLANG_ANALYZER_NUMBER_OBJECT_CONVERSION = YES_AGGRESSIVE;
				CLANG_CXX_LANGUAGE_STANDARD = "gnu++17";
				CLANG_CXX_LIBRARY = "libc++";
				CLANG_ENABLE_MODULES = YES;
				CLANG_ENABLE_OBJC_ARC = YES;
				CLANG_ENABLE_OBJC_WEAK = YES;
				CLANG_WARN_BLOCK_CAPTURE_AUTORELEASING = YES;
				CLANG_WARN_BOOL_CONVERSION = YES;
				CLANG_WARN_COMMA = YES;
				CLANG_WARN_CONSTANT_CONVERSION = YES;
				CLANG_WARN_DEPRECATED_OBJC_IMPLEMENTATIONS = YES;
				CLANG_WARN_DIRECT_OBJC_ISA_USAGE = YES_ERROR;
				CLANG_WARN_DOCUMENTATION_COMMENTS = YES;
				CLANG_WARN_EMPTY_BODY = YES;
				CLANG_WARN_ENUM_CONVERSION = YES;
				CLANG_WARN_INFINITE_RECURSION = YES;
				CLANG_WARN_INT_CONVERSION = YES;
				CLANG_WARN_NON_LITERAL_NULL_CONVERSION = YES;
				CLANG_WARN_OBJC_IMPLICIT_RETAIN_SELF = YES;
				CLANG_WARN_OBJC_LITERAL_CONVERSION = YES;
				CLANG_WARN_OBJC_ROOT_CLASS = YES_ERROR;
				CLANG_WARN_QUOTED_INCLUDE_IN_FRAMEWORK_HEADER = YES;
				CLANG_WARN_RANGE_LOOP_ANALYSIS = YES;
				CLANG_WARN_STRICT_PROTOTYPES = YES;
				CLANG_WARN_SUSPICIOUS_MOVE = YES;
				CLANG_WARN_UNGUARDED_AVAILABILITY = YES_AGGRESSIVE;
				CLANG_WARN_UNREACHABLE_CODE = YES;
				CLANG_WARN__DUPLICATE_METHOD_MATCH = YES;
				COPY_PHASE_STRIP = NO;
				DEBUG_INFORMATION_FORMAT = dwarf;
				ENABLE_STRICT_OBJC_MSGSEND = YES;
				ENABLE_TESTABILITY = YES;
				GCC_C_LANGUAGE_STANDARD = gnu11;
				GCC_DYNAMIC_NO_PIC = NO;
				GCC_NO_COMMON_BLOCKS = YES;
				GCC_OPTIMIZATION_LEVEL = 0;
				GCC_PREPROCESSOR_DEFINITIONS = (
					"DEBUG=1",
					"$(inherited)",
				);
				GCC_WARN_64_TO_32_BIT_CONVERSION = YES;
				GCC_WARN_ABOUT_RETURN_TYPE = YES_ERROR;
				GCC_WARN_UNDECLARED_SELECTOR = YES;
				GCC_WARN_UNINITIALIZED_AUTOS = YES_AGGRESSIVE;
				GCC_WARN_UNUSED_FUNCTION = YES;
				GCC_WARN_UNUSED_VARIABLE = YES;
				IPHONEOS_DEPLOYMENT_TARGET = 14.0;
				MTL_ENABLE_DEBUG_INFO = INCLUDE_SOURCE;
				MTL_FAST_MATH = YES;
				ONLY_ACTIVE_ARCH = YES;
				SDKROOT = iphoneos;
				SWIFT_ACTIVE_COMPILATION_CONDITIONS = DEBUG;
				SWIFT_OPTIMIZATION_LEVEL = "-Onone";
			};
			name = Debug;
		};
		37A15AF227C61D0D00585F4A /* Release */ = {
			isa = XCBuildConfiguration;
			buildSettings = {
				ALWAYS_SEARCH_USER_PATHS = NO;
				CLANG_ANALYZER_NONNULL = YES;
				CLANG_ANALYZER_NUMBER_OBJECT_CONVERSION = YES_AGGRESSIVE;
				CLANG_CXX_LANGUAGE_STANDARD = "gnu++17";
				CLANG_CXX_LIBRARY = "libc++";
				CLANG_ENABLE_MODULES = YES;
				CLANG_ENABLE_OBJC_ARC = YES;
				CLANG_ENABLE_OBJC_WEAK = YES;
				CLANG_WARN_BLOCK_CAPTURE_AUTORELEASING = YES;
				CLANG_WARN_BOOL_CONVERSION = YES;
				CLANG_WARN_COMMA = YES;
				CLANG_WARN_CONSTANT_CONVERSION = YES;
				CLANG_WARN_DEPRECATED_OBJC_IMPLEMENTATIONS = YES;
				CLANG_WARN_DIRECT_OBJC_ISA_USAGE = YES_ERROR;
				CLANG_WARN_DOCUMENTATION_COMMENTS = YES;
				CLANG_WARN_EMPTY_BODY = YES;
				CLANG_WARN_ENUM_CONVERSION = YES;
				CLANG_WARN_INFINITE_RECURSION = YES;
				CLANG_WARN_INT_CONVERSION = YES;
				CLANG_WARN_NON_LITERAL_NULL_CONVERSION = YES;
				CLANG_WARN_OBJC_IMPLICIT_RETAIN_SELF = YES;
				CLANG_WARN_OBJC_LITERAL_CONVERSION = YES;
				CLANG_WARN_OBJC_ROOT_CLASS = YES_ERROR;
				CLANG_WARN_QUOTED_INCLUDE_IN_FRAMEWORK_HEADER = YES;
				CLANG_WARN_RANGE_LOOP_ANALYSIS = YES;
				CLANG_WARN_STRICT_PROTOTYPES = YES;
				CLANG_WARN_SUSPICIOUS_MOVE = YES;
				CLANG_WARN_UNGUARDED_AVAILABILITY = YES_AGGRESSIVE;
				CLANG_WARN_UNREACHABLE_CODE = YES;
				CLANG_WARN__DUPLICATE_METHOD_MATCH = YES;
				COPY_PHASE_STRIP = NO;
				DEBUG_INFORMATION_FORMAT = "dwarf-with-dsym";
				ENABLE_NS_ASSERTIONS = NO;
				ENABLE_STRICT_OBJC_MSGSEND = YES;
				GCC_C_LANGUAGE_STANDARD = gnu11;
				GCC_NO_COMMON_BLOCKS = YES;
				GCC_WARN_64_TO_32_BIT_CONVERSION = YES;
				GCC_WARN_ABOUT_RETURN_TYPE = YES_ERROR;
				GCC_WARN_UNDECLARED_SELECTOR = YES;
				GCC_WARN_UNINITIALIZED_AUTOS = YES_AGGRESSIVE;
				GCC_WARN_UNUSED_FUNCTION = YES;
				GCC_WARN_UNUSED_VARIABLE = YES;
				IPHONEOS_DEPLOYMENT_TARGET = 14.0;
				MTL_ENABLE_DEBUG_INFO = NO;
				MTL_FAST_MATH = YES;
				SDKROOT = iphoneos;
				SWIFT_COMPILATION_MODE = wholemodule;
				SWIFT_OPTIMIZATION_LEVEL = "-O";
				VALIDATE_PRODUCT = YES;
			};
			name = Release;
		};
		37A15AF427C61D0D00585F4A /* Debug */ = {
			isa = XCBuildConfiguration;
			buildSettings = {
				ASSETCATALOG_COMPILER_APPICON_NAME = AppIcon;
				ASSETCATALOG_COMPILER_GLOBAL_ACCENT_COLOR_NAME = AccentColor;
				CODE_SIGN_IDENTITY = "Apple Development";
				CODE_SIGN_STYLE = Automatic;
				CURRENT_PROJECT_VERSION = 1;
				DEVELOPMENT_TEAM = "";
				GENERATE_INFOPLIST_FILE = YES;
				INFOPLIST_FILE = BithumbYagomAcamedy/Resource/Info.plist;
				INFOPLIST_KEY_UIApplicationSupportsIndirectInputEvents = YES;
				INFOPLIST_KEY_UILaunchStoryboardName = LaunchScreen;
				INFOPLIST_KEY_UIMainStoryboardFile = MainTabBar;
				INFOPLIST_KEY_UISupportedInterfaceOrientations = UIInterfaceOrientationPortrait;
				INFOPLIST_KEY_UISupportedInterfaceOrientations_iPad = "UIInterfaceOrientationPortrait UIInterfaceOrientationPortraitUpsideDown UIInterfaceOrientationLandscapeLeft UIInterfaceOrientationLandscapeRight";
				INFOPLIST_KEY_UISupportedInterfaceOrientations_iPhone = "UIInterfaceOrientationPortrait UIInterfaceOrientationLandscapeLeft UIInterfaceOrientationLandscapeRight";
				LD_RUNPATH_SEARCH_PATHS = (
					"$(inherited)",
					"@executable_path/Frameworks",
				);
				MARKETING_VERSION = 1.0;
				PRODUCT_BUNDLE_IDENTIFIER = com.zeroheodong.BithumbYagomAcamedy;
				PRODUCT_NAME = "$(TARGET_NAME)";
				PROVISIONING_PROFILE_SPECIFIER = "";
				SWIFT_EMIT_LOC_STRINGS = YES;
				SWIFT_VERSION = 5.0;
				TARGETED_DEVICE_FAMILY = 1;
			};
			name = Debug;
		};
		37A15AF527C61D0D00585F4A /* Release */ = {
			isa = XCBuildConfiguration;
			buildSettings = {
				ASSETCATALOG_COMPILER_APPICON_NAME = AppIcon;
				ASSETCATALOG_COMPILER_GLOBAL_ACCENT_COLOR_NAME = AccentColor;
				CODE_SIGN_IDENTITY = "Apple Development";
				CODE_SIGN_STYLE = Automatic;
				CURRENT_PROJECT_VERSION = 1;
				DEVELOPMENT_TEAM = "";
				GENERATE_INFOPLIST_FILE = YES;
				INFOPLIST_FILE = BithumbYagomAcamedy/Resource/Info.plist;
				INFOPLIST_KEY_UIApplicationSupportsIndirectInputEvents = YES;
				INFOPLIST_KEY_UILaunchStoryboardName = LaunchScreen;
				INFOPLIST_KEY_UIMainStoryboardFile = MainTabBar;
				INFOPLIST_KEY_UISupportedInterfaceOrientations = UIInterfaceOrientationPortrait;
				INFOPLIST_KEY_UISupportedInterfaceOrientations_iPad = "UIInterfaceOrientationPortrait UIInterfaceOrientationPortraitUpsideDown UIInterfaceOrientationLandscapeLeft UIInterfaceOrientationLandscapeRight";
				INFOPLIST_KEY_UISupportedInterfaceOrientations_iPhone = "UIInterfaceOrientationPortrait UIInterfaceOrientationLandscapeLeft UIInterfaceOrientationLandscapeRight";
				LD_RUNPATH_SEARCH_PATHS = (
					"$(inherited)",
					"@executable_path/Frameworks",
				);
				MARKETING_VERSION = 1.0;
				PRODUCT_BUNDLE_IDENTIFIER = com.zeroheodong.BithumbYagomAcamedy;
				PRODUCT_NAME = "$(TARGET_NAME)";
				PROVISIONING_PROFILE_SPECIFIER = "";
				SWIFT_EMIT_LOC_STRINGS = YES;
				SWIFT_VERSION = 5.0;
				TARGETED_DEVICE_FAMILY = 1;
			};
			name = Release;
		};
		37A15AF727C61D0D00585F4A /* Debug */ = {
			isa = XCBuildConfiguration;
			buildSettings = {
				ALWAYS_EMBED_SWIFT_STANDARD_LIBRARIES = YES;
				BUNDLE_LOADER = "$(TEST_HOST)";
				CODE_SIGN_STYLE = Automatic;
				CURRENT_PROJECT_VERSION = 1;
				DEVELOPMENT_TEAM = X8LHG5RJXN;
				GENERATE_INFOPLIST_FILE = YES;
				IPHONEOS_DEPLOYMENT_TARGET = 14.0;
				MARKETING_VERSION = 1.0;
				PRODUCT_BUNDLE_IDENTIFIER = com.zeroheodong.BithumbYagomAcamedyTests;
				PRODUCT_NAME = "$(TARGET_NAME)";
				SWIFT_EMIT_LOC_STRINGS = NO;
				SWIFT_VERSION = 5.0;
				TARGETED_DEVICE_FAMILY = 1;
				TEST_HOST = "$(BUILT_PRODUCTS_DIR)/BithumbYagomAcamedy.app/BithumbYagomAcamedy";
			};
			name = Debug;
		};
		37A15AF827C61D0D00585F4A /* Release */ = {
			isa = XCBuildConfiguration;
			buildSettings = {
				ALWAYS_EMBED_SWIFT_STANDARD_LIBRARIES = YES;
				BUNDLE_LOADER = "$(TEST_HOST)";
				CODE_SIGN_STYLE = Automatic;
				CURRENT_PROJECT_VERSION = 1;
				DEVELOPMENT_TEAM = X8LHG5RJXN;
				GENERATE_INFOPLIST_FILE = YES;
				IPHONEOS_DEPLOYMENT_TARGET = 14.0;
				MARKETING_VERSION = 1.0;
				PRODUCT_BUNDLE_IDENTIFIER = com.zeroheodong.BithumbYagomAcamedyTests;
				PRODUCT_NAME = "$(TARGET_NAME)";
				SWIFT_EMIT_LOC_STRINGS = NO;
				SWIFT_VERSION = 5.0;
				TARGETED_DEVICE_FAMILY = 1;
				TEST_HOST = "$(BUILT_PRODUCTS_DIR)/BithumbYagomAcamedy.app/BithumbYagomAcamedy";
			};
			name = Release;
		};
/* End XCBuildConfiguration section */

/* Begin XCConfigurationList section */
		37A15AC127C61D0A00585F4A /* Build configuration list for PBXProject "BithumbYagomAcamedy" */ = {
			isa = XCConfigurationList;
			buildConfigurations = (
				37A15AF127C61D0D00585F4A /* Debug */,
				37A15AF227C61D0D00585F4A /* Release */,
			);
			defaultConfigurationIsVisible = 0;
			defaultConfigurationName = Release;
		};
		37A15AF327C61D0D00585F4A /* Build configuration list for PBXNativeTarget "BithumbYagomAcamedy" */ = {
			isa = XCConfigurationList;
			buildConfigurations = (
				37A15AF427C61D0D00585F4A /* Debug */,
				37A15AF527C61D0D00585F4A /* Release */,
			);
			defaultConfigurationIsVisible = 0;
			defaultConfigurationName = Release;
		};
		37A15AF627C61D0D00585F4A /* Build configuration list for PBXNativeTarget "BithumbYagomAcamedyTests" */ = {
			isa = XCConfigurationList;
			buildConfigurations = (
				37A15AF727C61D0D00585F4A /* Debug */,
				37A15AF827C61D0D00585F4A /* Release */,
			);
			defaultConfigurationIsVisible = 0;
			defaultConfigurationName = Release;
		};
/* End XCConfigurationList section */

/* Begin XCRemoteSwiftPackageReference section */
		3711EE9327CF638600E7A990 /* XCRemoteSwiftPackageReference "Charts" */ = {
			isa = XCRemoteSwiftPackageReference;
			repositoryURL = "https://github.com/danielgindi/Charts";
			requirement = {
				kind = upToNextMajorVersion;
				minimumVersion = 3.0.0;
			};
		};
/* End XCRemoteSwiftPackageReference section */

/* Begin XCSwiftPackageProductDependency section */
		3711EE9427CF638600E7A990 /* Charts */ = {
			isa = XCSwiftPackageProductDependency;
			package = 3711EE9327CF638600E7A990 /* XCRemoteSwiftPackageReference "Charts" */;
			productName = Charts;
		};
/* End XCSwiftPackageProductDependency section */

/* Begin XCVersionGroup section */
		37A15AD227C61D0A00585F4A /* BithumbYagomAcamedy.xcdatamodeld */ = {
			isa = XCVersionGroup;
			children = (
				37A15AD327C61D0A00585F4A /* BithumbYagomAcamedy.xcdatamodel */,
			);
			currentVersion = 37A15AD327C61D0A00585F4A /* BithumbYagomAcamedy.xcdatamodel */;
			path = BithumbYagomAcamedy.xcdatamodeld;
			sourceTree = "<group>";
			versionGroupType = wrapper.xcdatamodel;
		};
/* End XCVersionGroup section */
	};
	rootObject = 37A15ABE27C61D0A00585F4A /* Project object */;
}
